// !$*UTF8*$!
{
	archiveVersion = 1;
	classes = {
	};
	objectVersion = 46;
	objects = {

/* Begin PBXBuildFile section */
		7F2B462B1805CE7600B48239 /* RXMLElement.m in Sources */ = {isa = PBXBuildFile; fileRef = 7F2B462A1805CE7600B48239 /* RXMLElement.m */; };
		7F2B462D1805CE9000B48239 /* libz.dylib in Frameworks */ = {isa = PBXBuildFile; fileRef = 7F2B462C1805CE9000B48239 /* libz.dylib */; };
		7F2B462F1805CE9E00B48239 /* libxml2.dylib in Frameworks */ = {isa = PBXBuildFile; fileRef = 7F2B462E1805CE9E00B48239 /* libxml2.dylib */; };
		7F2B46331805D33D00B48239 /* NSArray+Helpers.m in Sources */ = {isa = PBXBuildFile; fileRef = 7F2B46321805D33D00B48239 /* NSArray+Helpers.m */; };
		7F3E33DB1842AF4E00B977E9 /* FXBlurView.m in Sources */ = {isa = PBXBuildFile; fileRef = 7F3E33DA1842AF4E00B977E9 /* FXBlurView.m */; };
		7F4EA6CD1805C7FF00C1958D /* OUMainViewController.m in Sources */ = {isa = PBXBuildFile; fileRef = 7F4EA6CB1805C7FF00C1958D /* OUMainViewController.m */; };
		7F4EA6CE1805C7FF00C1958D /* OUMainViewController.xib in Resources */ = {isa = PBXBuildFile; fileRef = 7F4EA6CC1805C7FF00C1958D /* OUMainViewController.xib */; };
		7F4EA6D21805C83200C1958D /* OUParser.m in Sources */ = {isa = PBXBuildFile; fileRef = 7F4EA6D11805C83200C1958D /* OUParser.m */; };
		7F4EA6D51805C8EB00C1958D /* OUScheduleCoordinator.m in Sources */ = {isa = PBXBuildFile; fileRef = 7F4EA6D41805C8EB00C1958D /* OUScheduleCoordinator.m */; };
		7F9F67D318055D9700A9E9D1 /* Foundation.framework in Frameworks */ = {isa = PBXBuildFile; fileRef = 7F9F67D218055D9700A9E9D1 /* Foundation.framework */; };
		7F9F67D518055D9700A9E9D1 /* CoreGraphics.framework in Frameworks */ = {isa = PBXBuildFile; fileRef = 7F9F67D418055D9700A9E9D1 /* CoreGraphics.framework */; };
		7F9F67D718055D9700A9E9D1 /* UIKit.framework in Frameworks */ = {isa = PBXBuildFile; fileRef = 7F9F67D618055D9700A9E9D1 /* UIKit.framework */; };
		7F9F67DD18055D9700A9E9D1 /* InfoPlist.strings in Resources */ = {isa = PBXBuildFile; fileRef = 7F9F67DB18055D9700A9E9D1 /* InfoPlist.strings */; };
		7F9F67E518055D9700A9E9D1 /* Images.xcassets in Resources */ = {isa = PBXBuildFile; fileRef = 7F9F67E418055D9700A9E9D1 /* Images.xcassets */; };
		7FA9F5FE180B10580067A3FF /* SystemConfiguration.framework in Frameworks */ = {isa = PBXBuildFile; fileRef = 7FA9F5FD180B10580067A3FF /* SystemConfiguration.framework */; };
		7FA9F600180B105E0067A3FF /* MobileCoreServices.framework in Frameworks */ = {isa = PBXBuildFile; fileRef = 7FA9F5FF180B105E0067A3FF /* MobileCoreServices.framework */; };
		7FA9F603180B23580067A3FF /* OUSearchCell.m in Sources */ = {isa = PBXBuildFile; fileRef = 7FA9F602180B23580067A3FF /* OUSearchCell.m */; };
		7FA9F605180B236B0067A3FF /* OUSearchCell.xib in Resources */ = {isa = PBXBuildFile; fileRef = 7FA9F604180B236B0067A3FF /* OUSearchCell.xib */; };
		7FA9F60C180B23CF0067A3FF /* NSObject+NIB.m in Sources */ = {isa = PBXBuildFile; fileRef = 7FA9F608180B23CF0067A3FF /* NSObject+NIB.m */; };
		7FA9F60D180B23CF0067A3FF /* UITableViewCell+Helpers.m in Sources */ = {isa = PBXBuildFile; fileRef = 7FA9F60A180B23CF0067A3FF /* UITableViewCell+Helpers.m */; };
		7FA9F653180B31DA0067A3FF /* UIView+Helpers.m in Sources */ = {isa = PBXBuildFile; fileRef = 7FA9F652180B31DA0067A3FF /* UIView+Helpers.m */; };
		7FA9F657180B3A3D0067A3FF /* OUScheduleViewController.m in Sources */ = {isa = PBXBuildFile; fileRef = 7FA9F655180B3A3D0067A3FF /* OUScheduleViewController.m */; };
		7FA9F658180B3A3D0067A3FF /* OUScheduleViewController.xib in Resources */ = {isa = PBXBuildFile; fileRef = 7FA9F656180B3A3D0067A3FF /* OUScheduleViewController.xib */; };
		7FA9F65B180BDBF40067A3FF /* OUGroupCell.m in Sources */ = {isa = PBXBuildFile; fileRef = 7FA9F65A180BDBF40067A3FF /* OUGroupCell.m */; };
		7FA9F65D180BDBFD0067A3FF /* OUGroupCell.xib in Resources */ = {isa = PBXBuildFile; fileRef = 7FA9F65C180BDBFD0067A3FF /* OUGroupCell.xib */; };
		7FA9F660180BE3840067A3FF /* OUTeacherCell.m in Sources */ = {isa = PBXBuildFile; fileRef = 7FA9F65F180BE3840067A3FF /* OUTeacherCell.m */; };
		7FA9F662180BE3900067A3FF /* OUTeacherCell.xib in Resources */ = {isa = PBXBuildFile; fileRef = 7FA9F661180BE3900067A3FF /* OUTeacherCell.xib */; };
		7FA9F665180BE39E0067A3FF /* OUAuditoryCell.m in Sources */ = {isa = PBXBuildFile; fileRef = 7FA9F664180BE39E0067A3FF /* OUAuditoryCell.m */; };
		7FA9F667180BE3BA0067A3FF /* OUAuditoryCell.xib in Resources */ = {isa = PBXBuildFile; fileRef = 7FA9F666180BE3BA0067A3FF /* OUAuditoryCell.xib */; };
		7FBDB6DD183D8FBB009AC1DC /* UIFont+PreferedFontSize.m in Sources */ = {isa = PBXBuildFile; fileRef = 7FBDB6DC183D8FBB009AC1DC /* UIFont+PreferedFontSize.m */; };
		7FBDB6E0183D947C009AC1DC /* UIActionSheet+Blocks.m in Sources */ = {isa = PBXBuildFile; fileRef = 7FBDB6DF183D947C009AC1DC /* UIActionSheet+Blocks.m */; };
		7FBDB6E3183E68FB009AC1DC /* OUTopView.m in Sources */ = {isa = PBXBuildFile; fileRef = 7FBDB6E2183E68FB009AC1DC /* OUTopView.m */; };
		7FBDB6E5183E6906009AC1DC /* OUTopView.xib in Resources */ = {isa = PBXBuildFile; fileRef = 7FBDB6E4183E6906009AC1DC /* OUTopView.xib */; };
		7FBDB6E8183E6D8C009AC1DC /* OnePixelView.m in Sources */ = {isa = PBXBuildFile; fileRef = 7FBDB6E7183E6D8C009AC1DC /* OnePixelView.m */; };
		7FC4B92A1814FEE700926281 /* UILabel+Adjust.m in Sources */ = {isa = PBXBuildFile; fileRef = 7FC4B9291814FEE700926281 /* UILabel+Adjust.m */; };
		7FC509DB180C1BAF00FCE715 /* OULessonCell.m in Sources */ = {isa = PBXBuildFile; fileRef = 7FC509DA180C1BAF00FCE715 /* OULessonCell.m */; };
		7FC509DE180C265100FCE715 /* NSString+Helpers.m in Sources */ = {isa = PBXBuildFile; fileRef = 7FC509DD180C265100FCE715 /* NSString+Helpers.m */; };
		7FE3D92C1805F79300D3D3C3 /* OULesson.m in Sources */ = {isa = PBXBuildFile; fileRef = 7FE3D92B1805F79300D3D3C3 /* OULesson.m */; };
		841F203B180563E00054C523 /* main.m in Sources */ = {isa = PBXBuildFile; fileRef = 841F2037180563E00054C523 /* main.m */; };
		841F203C180563E00054C523 /* OUAppDelegate.m in Sources */ = {isa = PBXBuildFile; fileRef = 841F203A180563E00054C523 /* OUAppDelegate.m */; };
		841F2189180569520054C523 /* AFHTTPClient.m in Sources */ = {isa = PBXBuildFile; fileRef = 841F2128180569510054C523 /* AFHTTPClient.m */; };
		841F218A180569520054C523 /* AFHTTPRequestOperation.m in Sources */ = {isa = PBXBuildFile; fileRef = 841F212A180569510054C523 /* AFHTTPRequestOperation.m */; };
		841F218B180569520054C523 /* AFImageRequestOperation.m in Sources */ = {isa = PBXBuildFile; fileRef = 841F212C180569510054C523 /* AFImageRequestOperation.m */; };
		841F218C180569520054C523 /* AFJSONRequestOperation.m in Sources */ = {isa = PBXBuildFile; fileRef = 841F212E180569510054C523 /* AFJSONRequestOperation.m */; };
		841F218D180569520054C523 /* AFNetworkActivityIndicatorManager.m in Sources */ = {isa = PBXBuildFile; fileRef = 841F2130180569510054C523 /* AFNetworkActivityIndicatorManager.m */; };
		841F218E180569520054C523 /* AFPropertyListRequestOperation.m in Sources */ = {isa = PBXBuildFile; fileRef = 841F2133180569510054C523 /* AFPropertyListRequestOperation.m */; };
		841F218F180569520054C523 /* AFURLConnectionOperation.m in Sources */ = {isa = PBXBuildFile; fileRef = 841F2135180569510054C523 /* AFURLConnectionOperation.m */; };
		841F2190180569520054C523 /* AFXMLRequestOperation.m in Sources */ = {isa = PBXBuildFile; fileRef = 841F2137180569510054C523 /* AFXMLRequestOperation.m */; };
		841F2191180569520054C523 /* UIImageView+AFNetworking.m in Sources */ = {isa = PBXBuildFile; fileRef = 841F2139180569510054C523 /* UIImageView+AFNetworking.m */; };
		841F21CD180573490054C523 /* OUScheduleDownloader.m in Sources */ = {isa = PBXBuildFile; fileRef = 841F21CC180573490054C523 /* OUScheduleDownloader.m */; };
		841F21D918057A4A0054C523 /* OUGroup.m in Sources */ = {isa = PBXBuildFile; fileRef = 841F21D818057A4A0054C523 /* OUGroup.m */; };
		841F21DC18057A6F0054C523 /* OUTeacher.m in Sources */ = {isa = PBXBuildFile; fileRef = 841F21DB18057A6F0054C523 /* OUTeacher.m */; };
		841F21DF18057A8B0054C523 /* OUAuditory.m in Sources */ = {isa = PBXBuildFile; fileRef = 841F21DE18057A8B0054C523 /* OUAuditory.m */; };
/* End PBXBuildFile section */

/* Begin PBXFileReference section */
		7F2B46291805CE7600B48239 /* RXMLElement.h */ = {isa = PBXFileReference; fileEncoding = 4; lastKnownFileType = sourcecode.c.h; path = RXMLElement.h; sourceTree = "<group>"; };
		7F2B462A1805CE7600B48239 /* RXMLElement.m */ = {isa = PBXFileReference; fileEncoding = 4; lastKnownFileType = sourcecode.c.objc; path = RXMLElement.m; sourceTree = "<group>"; };
		7F2B462C1805CE9000B48239 /* libz.dylib */ = {isa = PBXFileReference; lastKnownFileType = "compiled.mach-o.dylib"; name = libz.dylib; path = usr/lib/libz.dylib; sourceTree = SDKROOT; };
		7F2B462E1805CE9E00B48239 /* libxml2.dylib */ = {isa = PBXFileReference; lastKnownFileType = "compiled.mach-o.dylib"; name = libxml2.dylib; path = usr/lib/libxml2.dylib; sourceTree = SDKROOT; };
		7F2B46311805D33D00B48239 /* NSArray+Helpers.h */ = {isa = PBXFileReference; fileEncoding = 4; lastKnownFileType = sourcecode.c.h; path = "NSArray+Helpers.h"; sourceTree = "<group>"; };
		7F2B46321805D33D00B48239 /* NSArray+Helpers.m */ = {isa = PBXFileReference; fileEncoding = 4; lastKnownFileType = sourcecode.c.objc; path = "NSArray+Helpers.m"; sourceTree = "<group>"; };
		7F3E33D91842AF4E00B977E9 /* FXBlurView.h */ = {isa = PBXFileReference; fileEncoding = 4; lastKnownFileType = sourcecode.c.h; path = FXBlurView.h; sourceTree = "<group>"; };
		7F3E33DA1842AF4E00B977E9 /* FXBlurView.m */ = {isa = PBXFileReference; fileEncoding = 4; lastKnownFileType = sourcecode.c.objc; path = FXBlurView.m; sourceTree = "<group>"; };
		7F4EA6CA1805C7FF00C1958D /* OUMainViewController.h */ = {isa = PBXFileReference; fileEncoding = 4; lastKnownFileType = sourcecode.c.h; path = OUMainViewController.h; sourceTree = "<group>"; };
		7F4EA6CB1805C7FF00C1958D /* OUMainViewController.m */ = {isa = PBXFileReference; fileEncoding = 4; lastKnownFileType = sourcecode.c.objc; path = OUMainViewController.m; sourceTree = "<group>"; };
		7F4EA6CC1805C7FF00C1958D /* OUMainViewController.xib */ = {isa = PBXFileReference; fileEncoding = 4; lastKnownFileType = file.xib; path = OUMainViewController.xib; sourceTree = "<group>"; };
		7F4EA6D01805C83200C1958D /* OUParser.h */ = {isa = PBXFileReference; fileEncoding = 4; lastKnownFileType = sourcecode.c.h; path = OUParser.h; sourceTree = "<group>"; };
		7F4EA6D11805C83200C1958D /* OUParser.m */ = {isa = PBXFileReference; fileEncoding = 4; lastKnownFileType = sourcecode.c.objc; path = OUParser.m; sourceTree = "<group>"; };
		7F4EA6D31805C8EB00C1958D /* OUScheduleCoordinator.h */ = {isa = PBXFileReference; fileEncoding = 4; lastKnownFileType = sourcecode.c.h; name = OUScheduleCoordinator.h; path = ITMOSchedule/Sources/Model/OUScheduleCoordinator.h; sourceTree = SOURCE_ROOT; };
		7F4EA6D41805C8EB00C1958D /* OUScheduleCoordinator.m */ = {isa = PBXFileReference; fileEncoding = 4; lastKnownFileType = sourcecode.c.objc; name = OUScheduleCoordinator.m; path = ITMOSchedule/Sources/Model/OUScheduleCoordinator.m; sourceTree = SOURCE_ROOT; };
		7F9F67CF18055D9700A9E9D1 /* ITMOSchedule.app */ = {isa = PBXFileReference; explicitFileType = wrapper.application; includeInIndex = 0; path = ITMOSchedule.app; sourceTree = BUILT_PRODUCTS_DIR; };
		7F9F67D218055D9700A9E9D1 /* Foundation.framework */ = {isa = PBXFileReference; lastKnownFileType = wrapper.framework; name = Foundation.framework; path = System/Library/Frameworks/Foundation.framework; sourceTree = SDKROOT; };
		7F9F67D418055D9700A9E9D1 /* CoreGraphics.framework */ = {isa = PBXFileReference; lastKnownFileType = wrapper.framework; name = CoreGraphics.framework; path = System/Library/Frameworks/CoreGraphics.framework; sourceTree = SDKROOT; };
		7F9F67D618055D9700A9E9D1 /* UIKit.framework */ = {isa = PBXFileReference; lastKnownFileType = wrapper.framework; name = UIKit.framework; path = System/Library/Frameworks/UIKit.framework; sourceTree = SDKROOT; };
		7F9F67DA18055D9700A9E9D1 /* ITMOSchedule-Info.plist */ = {isa = PBXFileReference; lastKnownFileType = text.plist.xml; path = "ITMOSchedule-Info.plist"; sourceTree = "<group>"; };
		7F9F67DC18055D9700A9E9D1 /* en */ = {isa = PBXFileReference; lastKnownFileType = text.plist.strings; name = en; path = en.lproj/InfoPlist.strings; sourceTree = "<group>"; };
		7F9F67E018055D9700A9E9D1 /* ITMOSchedule-Prefix.pch */ = {isa = PBXFileReference; lastKnownFileType = sourcecode.c.h; path = "ITMOSchedule-Prefix.pch"; sourceTree = "<group>"; };
		7F9F67E418055D9700A9E9D1 /* Images.xcassets */ = {isa = PBXFileReference; lastKnownFileType = folder.assetcatalog; path = Images.xcassets; sourceTree = "<group>"; };
		7FA9F5FD180B10580067A3FF /* SystemConfiguration.framework */ = {isa = PBXFileReference; lastKnownFileType = wrapper.framework; name = SystemConfiguration.framework; path = System/Library/Frameworks/SystemConfiguration.framework; sourceTree = SDKROOT; };
		7FA9F5FF180B105E0067A3FF /* MobileCoreServices.framework */ = {isa = PBXFileReference; lastKnownFileType = wrapper.framework; name = MobileCoreServices.framework; path = System/Library/Frameworks/MobileCoreServices.framework; sourceTree = SDKROOT; };
		7FA9F601180B23580067A3FF /* OUSearchCell.h */ = {isa = PBXFileReference; fileEncoding = 4; lastKnownFileType = sourcecode.c.h; path = OUSearchCell.h; sourceTree = "<group>"; };
		7FA9F602180B23580067A3FF /* OUSearchCell.m */ = {isa = PBXFileReference; fileEncoding = 4; lastKnownFileType = sourcecode.c.objc; path = OUSearchCell.m; sourceTree = "<group>"; };
		7FA9F604180B236B0067A3FF /* OUSearchCell.xib */ = {isa = PBXFileReference; fileEncoding = 4; lastKnownFileType = file.xib; path = OUSearchCell.xib; sourceTree = "<group>"; };
		7FA9F606180B23CF0067A3FF /* NSObject+NIB.h */ = {isa = PBXFileReference; fileEncoding = 4; lastKnownFileType = sourcecode.c.h; path = "NSObject+NIB.h"; sourceTree = "<group>"; };
		7FA9F607180B23CF0067A3FF /* UITableViewCell+Helpers.h */ = {isa = PBXFileReference; fileEncoding = 4; lastKnownFileType = sourcecode.c.h; path = "UITableViewCell+Helpers.h"; sourceTree = "<group>"; };
		7FA9F608180B23CF0067A3FF /* NSObject+NIB.m */ = {isa = PBXFileReference; fileEncoding = 4; lastKnownFileType = sourcecode.c.objc; path = "NSObject+NIB.m"; sourceTree = "<group>"; };
		7FA9F60A180B23CF0067A3FF /* UITableViewCell+Helpers.m */ = {isa = PBXFileReference; fileEncoding = 4; lastKnownFileType = sourcecode.c.objc; path = "UITableViewCell+Helpers.m"; sourceTree = "<group>"; };
		7FA9F60F180B24A10067A3FF /* Global.h */ = {isa = PBXFileReference; lastKnownFileType = sourcecode.c.h; path = Global.h; sourceTree = "<group>"; };
		7FA9F651180B31DA0067A3FF /* UIView+Helpers.h */ = {isa = PBXFileReference; fileEncoding = 4; lastKnownFileType = sourcecode.c.h; path = "UIView+Helpers.h"; sourceTree = "<group>"; };
		7FA9F652180B31DA0067A3FF /* UIView+Helpers.m */ = {isa = PBXFileReference; fileEncoding = 4; lastKnownFileType = sourcecode.c.objc; path = "UIView+Helpers.m"; sourceTree = "<group>"; };
		7FA9F654180B3A3D0067A3FF /* OUScheduleViewController.h */ = {isa = PBXFileReference; fileEncoding = 4; lastKnownFileType = sourcecode.c.h; path = OUScheduleViewController.h; sourceTree = "<group>"; };
		7FA9F655180B3A3D0067A3FF /* OUScheduleViewController.m */ = {isa = PBXFileReference; fileEncoding = 4; lastKnownFileType = sourcecode.c.objc; path = OUScheduleViewController.m; sourceTree = "<group>"; };
		7FA9F656180B3A3D0067A3FF /* OUScheduleViewController.xib */ = {isa = PBXFileReference; fileEncoding = 4; lastKnownFileType = file.xib; path = OUScheduleViewController.xib; sourceTree = "<group>"; };
		7FA9F659180BDBF40067A3FF /* OUGroupCell.h */ = {isa = PBXFileReference; fileEncoding = 4; lastKnownFileType = sourcecode.c.h; path = OUGroupCell.h; sourceTree = "<group>"; };
		7FA9F65A180BDBF40067A3FF /* OUGroupCell.m */ = {isa = PBXFileReference; fileEncoding = 4; lastKnownFileType = sourcecode.c.objc; path = OUGroupCell.m; sourceTree = "<group>"; };
		7FA9F65C180BDBFD0067A3FF /* OUGroupCell.xib */ = {isa = PBXFileReference; fileEncoding = 4; lastKnownFileType = file.xib; path = OUGroupCell.xib; sourceTree = "<group>"; };
		7FA9F65E180BE3840067A3FF /* OUTeacherCell.h */ = {isa = PBXFileReference; fileEncoding = 4; lastKnownFileType = sourcecode.c.h; path = OUTeacherCell.h; sourceTree = "<group>"; };
		7FA9F65F180BE3840067A3FF /* OUTeacherCell.m */ = {isa = PBXFileReference; fileEncoding = 4; lastKnownFileType = sourcecode.c.objc; path = OUTeacherCell.m; sourceTree = "<group>"; };
		7FA9F661180BE3900067A3FF /* OUTeacherCell.xib */ = {isa = PBXFileReference; fileEncoding = 4; lastKnownFileType = file.xib; path = OUTeacherCell.xib; sourceTree = "<group>"; };
		7FA9F663180BE39E0067A3FF /* OUAuditoryCell.h */ = {isa = PBXFileReference; fileEncoding = 4; lastKnownFileType = sourcecode.c.h; path = OUAuditoryCell.h; sourceTree = "<group>"; };
		7FA9F664180BE39E0067A3FF /* OUAuditoryCell.m */ = {isa = PBXFileReference; fileEncoding = 4; lastKnownFileType = sourcecode.c.objc; path = OUAuditoryCell.m; sourceTree = "<group>"; };
		7FA9F666180BE3BA0067A3FF /* OUAuditoryCell.xib */ = {isa = PBXFileReference; fileEncoding = 4; lastKnownFileType = file.xib; path = OUAuditoryCell.xib; sourceTree = "<group>"; };
		7FBDB6DB183D8FBB009AC1DC /* UIFont+PreferedFontSize.h */ = {isa = PBXFileReference; fileEncoding = 4; lastKnownFileType = sourcecode.c.h; path = "UIFont+PreferedFontSize.h"; sourceTree = "<group>"; };
		7FBDB6DC183D8FBB009AC1DC /* UIFont+PreferedFontSize.m */ = {isa = PBXFileReference; fileEncoding = 4; lastKnownFileType = sourcecode.c.objc; path = "UIFont+PreferedFontSize.m"; sourceTree = "<group>"; };
		7FBDB6DE183D947C009AC1DC /* UIActionSheet+Blocks.h */ = {isa = PBXFileReference; fileEncoding = 4; lastKnownFileType = sourcecode.c.h; path = "UIActionSheet+Blocks.h"; sourceTree = "<group>"; };
		7FBDB6DF183D947C009AC1DC /* UIActionSheet+Blocks.m */ = {isa = PBXFileReference; fileEncoding = 4; lastKnownFileType = sourcecode.c.objc; path = "UIActionSheet+Blocks.m"; sourceTree = "<group>"; };
		7FBDB6E1183E68FB009AC1DC /* OUTopView.h */ = {isa = PBXFileReference; fileEncoding = 4; lastKnownFileType = sourcecode.c.h; path = OUTopView.h; sourceTree = "<group>"; };
		7FBDB6E2183E68FB009AC1DC /* OUTopView.m */ = {isa = PBXFileReference; fileEncoding = 4; lastKnownFileType = sourcecode.c.objc; path = OUTopView.m; sourceTree = "<group>"; };
		7FBDB6E4183E6906009AC1DC /* OUTopView.xib */ = {isa = PBXFileReference; fileEncoding = 4; lastKnownFileType = file.xib; path = OUTopView.xib; sourceTree = "<group>"; };
		7FBDB6E6183E6D8C009AC1DC /* OnePixelView.h */ = {isa = PBXFileReference; fileEncoding = 4; lastKnownFileType = sourcecode.c.h; path = OnePixelView.h; sourceTree = "<group>"; };
		7FBDB6E7183E6D8C009AC1DC /* OnePixelView.m */ = {isa = PBXFileReference; fileEncoding = 4; lastKnownFileType = sourcecode.c.objc; path = OnePixelView.m; sourceTree = "<group>"; };
		7FC4B9281814FEE700926281 /* UILabel+Adjust.h */ = {isa = PBXFileReference; fileEncoding = 4; lastKnownFileType = sourcecode.c.h; path = "UILabel+Adjust.h"; sourceTree = "<group>"; };
		7FC4B9291814FEE700926281 /* UILabel+Adjust.m */ = {isa = PBXFileReference; fileEncoding = 4; lastKnownFileType = sourcecode.c.objc; path = "UILabel+Adjust.m"; sourceTree = "<group>"; };
		7FC509D9180C1BAF00FCE715 /* OULessonCell.h */ = {isa = PBXFileReference; fileEncoding = 4; lastKnownFileType = sourcecode.c.h; path = OULessonCell.h; sourceTree = "<group>"; };
		7FC509DA180C1BAF00FCE715 /* OULessonCell.m */ = {isa = PBXFileReference; fileEncoding = 4; lastKnownFileType = sourcecode.c.objc; path = OULessonCell.m; sourceTree = "<group>"; };
		7FC509DC180C265100FCE715 /* NSString+Helpers.h */ = {isa = PBXFileReference; fileEncoding = 4; lastKnownFileType = sourcecode.c.h; path = "NSString+Helpers.h"; sourceTree = "<group>"; };
		7FC509DD180C265100FCE715 /* NSString+Helpers.m */ = {isa = PBXFileReference; fileEncoding = 4; lastKnownFileType = sourcecode.c.objc; path = "NSString+Helpers.m"; sourceTree = "<group>"; };
		7FE3D92A1805F79300D3D3C3 /* OULesson.h */ = {isa = PBXFileReference; fileEncoding = 4; lastKnownFileType = sourcecode.c.h; path = OULesson.h; sourceTree = "<group>"; };
		7FE3D92B1805F79300D3D3C3 /* OULesson.m */ = {isa = PBXFileReference; fileEncoding = 4; lastKnownFileType = sourcecode.c.objc; path = OULesson.m; sourceTree = "<group>"; };
		841F2037180563E00054C523 /* main.m */ = {isa = PBXFileReference; fileEncoding = 4; lastKnownFileType = sourcecode.c.objc; name = main.m; path = Sources/main.m; sourceTree = "<group>"; };
		841F2039180563E00054C523 /* OUAppDelegate.h */ = {isa = PBXFileReference; fileEncoding = 4; lastKnownFileType = sourcecode.c.h; path = OUAppDelegate.h; sourceTree = "<group>"; };
		841F203A180563E00054C523 /* OUAppDelegate.m */ = {isa = PBXFileReference; fileEncoding = 4; lastKnownFileType = sourcecode.c.objc; path = OUAppDelegate.m; sourceTree = "<group>"; };
		841F2127180569510054C523 /* AFHTTPClient.h */ = {isa = PBXFileReference; fileEncoding = 4; lastKnownFileType = sourcecode.c.h; name = AFHTTPClient.h; path = AFNetworking/AFHTTPClient.h; sourceTree = "<group>"; };
		841F2128180569510054C523 /* AFHTTPClient.m */ = {isa = PBXFileReference; fileEncoding = 4; lastKnownFileType = sourcecode.c.objc; name = AFHTTPClient.m; path = AFNetworking/AFHTTPClient.m; sourceTree = "<group>"; };
		841F2129180569510054C523 /* AFHTTPRequestOperation.h */ = {isa = PBXFileReference; fileEncoding = 4; lastKnownFileType = sourcecode.c.h; name = AFHTTPRequestOperation.h; path = AFNetworking/AFHTTPRequestOperation.h; sourceTree = "<group>"; };
		841F212A180569510054C523 /* AFHTTPRequestOperation.m */ = {isa = PBXFileReference; fileEncoding = 4; lastKnownFileType = sourcecode.c.objc; name = AFHTTPRequestOperation.m; path = AFNetworking/AFHTTPRequestOperation.m; sourceTree = "<group>"; };
		841F212B180569510054C523 /* AFImageRequestOperation.h */ = {isa = PBXFileReference; fileEncoding = 4; lastKnownFileType = sourcecode.c.h; name = AFImageRequestOperation.h; path = AFNetworking/AFImageRequestOperation.h; sourceTree = "<group>"; };
		841F212C180569510054C523 /* AFImageRequestOperation.m */ = {isa = PBXFileReference; fileEncoding = 4; lastKnownFileType = sourcecode.c.objc; name = AFImageRequestOperation.m; path = AFNetworking/AFImageRequestOperation.m; sourceTree = "<group>"; };
		841F212D180569510054C523 /* AFJSONRequestOperation.h */ = {isa = PBXFileReference; fileEncoding = 4; lastKnownFileType = sourcecode.c.h; name = AFJSONRequestOperation.h; path = AFNetworking/AFJSONRequestOperation.h; sourceTree = "<group>"; };
		841F212E180569510054C523 /* AFJSONRequestOperation.m */ = {isa = PBXFileReference; fileEncoding = 4; lastKnownFileType = sourcecode.c.objc; name = AFJSONRequestOperation.m; path = AFNetworking/AFJSONRequestOperation.m; sourceTree = "<group>"; };
		841F212F180569510054C523 /* AFNetworkActivityIndicatorManager.h */ = {isa = PBXFileReference; fileEncoding = 4; lastKnownFileType = sourcecode.c.h; name = AFNetworkActivityIndicatorManager.h; path = AFNetworking/AFNetworkActivityIndicatorManager.h; sourceTree = "<group>"; };
		841F2130180569510054C523 /* AFNetworkActivityIndicatorManager.m */ = {isa = PBXFileReference; fileEncoding = 4; lastKnownFileType = sourcecode.c.objc; name = AFNetworkActivityIndicatorManager.m; path = AFNetworking/AFNetworkActivityIndicatorManager.m; sourceTree = "<group>"; };
		841F2131180569510054C523 /* AFNetworking.h */ = {isa = PBXFileReference; fileEncoding = 4; lastKnownFileType = sourcecode.c.h; name = AFNetworking.h; path = AFNetworking/AFNetworking.h; sourceTree = "<group>"; };
		841F2132180569510054C523 /* AFPropertyListRequestOperation.h */ = {isa = PBXFileReference; fileEncoding = 4; lastKnownFileType = sourcecode.c.h; name = AFPropertyListRequestOperation.h; path = AFNetworking/AFPropertyListRequestOperation.h; sourceTree = "<group>"; };
		841F2133180569510054C523 /* AFPropertyListRequestOperation.m */ = {isa = PBXFileReference; fileEncoding = 4; lastKnownFileType = sourcecode.c.objc; name = AFPropertyListRequestOperation.m; path = AFNetworking/AFPropertyListRequestOperation.m; sourceTree = "<group>"; };
		841F2134180569510054C523 /* AFURLConnectionOperation.h */ = {isa = PBXFileReference; fileEncoding = 4; lastKnownFileType = sourcecode.c.h; name = AFURLConnectionOperation.h; path = AFNetworking/AFURLConnectionOperation.h; sourceTree = "<group>"; };
		841F2135180569510054C523 /* AFURLConnectionOperation.m */ = {isa = PBXFileReference; fileEncoding = 4; lastKnownFileType = sourcecode.c.objc; name = AFURLConnectionOperation.m; path = AFNetworking/AFURLConnectionOperation.m; sourceTree = "<group>"; };
		841F2136180569510054C523 /* AFXMLRequestOperation.h */ = {isa = PBXFileReference; fileEncoding = 4; lastKnownFileType = sourcecode.c.h; name = AFXMLRequestOperation.h; path = AFNetworking/AFXMLRequestOperation.h; sourceTree = "<group>"; };
		841F2137180569510054C523 /* AFXMLRequestOperation.m */ = {isa = PBXFileReference; fileEncoding = 4; lastKnownFileType = sourcecode.c.objc; name = AFXMLRequestOperation.m; path = AFNetworking/AFXMLRequestOperation.m; sourceTree = "<group>"; };
		841F2138180569510054C523 /* UIImageView+AFNetworking.h */ = {isa = PBXFileReference; fileEncoding = 4; lastKnownFileType = sourcecode.c.h; name = "UIImageView+AFNetworking.h"; path = "AFNetworking/UIImageView+AFNetworking.h"; sourceTree = "<group>"; };
		841F2139180569510054C523 /* UIImageView+AFNetworking.m */ = {isa = PBXFileReference; fileEncoding = 4; lastKnownFileType = sourcecode.c.objc; name = "UIImageView+AFNetworking.m"; path = "AFNetworking/UIImageView+AFNetworking.m"; sourceTree = "<group>"; };
		841F21CB180573490054C523 /* OUScheduleDownloader.h */ = {isa = PBXFileReference; fileEncoding = 4; lastKnownFileType = sourcecode.c.h; path = OUScheduleDownloader.h; sourceTree = "<group>"; };
		841F21CC180573490054C523 /* OUScheduleDownloader.m */ = {isa = PBXFileReference; fileEncoding = 4; lastKnownFileType = sourcecode.c.objc; path = OUScheduleDownloader.m; sourceTree = "<group>"; };
		841F21D718057A4A0054C523 /* OUGroup.h */ = {isa = PBXFileReference; fileEncoding = 4; lastKnownFileType = sourcecode.c.h; path = OUGroup.h; sourceTree = "<group>"; };
		841F21D818057A4A0054C523 /* OUGroup.m */ = {isa = PBXFileReference; fileEncoding = 4; lastKnownFileType = sourcecode.c.objc; path = OUGroup.m; sourceTree = "<group>"; };
		841F21DA18057A6F0054C523 /* OUTeacher.h */ = {isa = PBXFileReference; fileEncoding = 4; lastKnownFileType = sourcecode.c.h; path = OUTeacher.h; sourceTree = "<group>"; };
		841F21DB18057A6F0054C523 /* OUTeacher.m */ = {isa = PBXFileReference; fileEncoding = 4; lastKnownFileType = sourcecode.c.objc; path = OUTeacher.m; sourceTree = "<group>"; };
		841F21DD18057A8B0054C523 /* OUAuditory.h */ = {isa = PBXFileReference; fileEncoding = 4; lastKnownFileType = sourcecode.c.h; path = OUAuditory.h; sourceTree = "<group>"; };
		841F21DE18057A8B0054C523 /* OUAuditory.m */ = {isa = PBXFileReference; fileEncoding = 4; lastKnownFileType = sourcecode.c.objc; path = OUAuditory.m; sourceTree = "<group>"; };
/* End PBXFileReference section */

/* Begin PBXFrameworksBuildPhase section */
		7F9F67CC18055D9700A9E9D1 /* Frameworks */ = {
			isa = PBXFrameworksBuildPhase;
			buildActionMask = 2147483647;
			files = (
				7FA9F600180B105E0067A3FF /* MobileCoreServices.framework in Frameworks */,
				7FA9F5FE180B10580067A3FF /* SystemConfiguration.framework in Frameworks */,
				7F2B462F1805CE9E00B48239 /* libxml2.dylib in Frameworks */,
				7F2B462D1805CE9000B48239 /* libz.dylib in Frameworks */,
				7F9F67D518055D9700A9E9D1 /* CoreGraphics.framework in Frameworks */,
				7F9F67D718055D9700A9E9D1 /* UIKit.framework in Frameworks */,
				7F9F67D318055D9700A9E9D1 /* Foundation.framework in Frameworks */,
			);
			runOnlyForDeploymentPostprocessing = 0;
		};
/* End PBXFrameworksBuildPhase section */

/* Begin PBXGroup section */
		7F2B46281805CE7600B48239 /* RaptureXML */ = {
			isa = PBXGroup;
			children = (
				7F2B46291805CE7600B48239 /* RXMLElement.h */,
				7F2B462A1805CE7600B48239 /* RXMLElement.m */,
			);
			name = RaptureXML;
			path = ITMOSchedule/Vendor/RaptureXML/RaptureXML;
			sourceTree = "<group>";
		};
		7F2B46301805D2FF00B48239 /* Common */ = {
			isa = PBXGroup;
			children = (
				7FA9F60F180B24A10067A3FF /* Global.h */,
				7F2B46311805D33D00B48239 /* NSArray+Helpers.h */,
				7F2B46321805D33D00B48239 /* NSArray+Helpers.m */,
				7FA9F606180B23CF0067A3FF /* NSObject+NIB.h */,
				7FA9F608180B23CF0067A3FF /* NSObject+NIB.m */,
				7FA9F607180B23CF0067A3FF /* UITableViewCell+Helpers.h */,
				7FA9F60A180B23CF0067A3FF /* UITableViewCell+Helpers.m */,
				7FA9F651180B31DA0067A3FF /* UIView+Helpers.h */,
				7FA9F652180B31DA0067A3FF /* UIView+Helpers.m */,
				7FC509DC180C265100FCE715 /* NSString+Helpers.h */,
				7FC509DD180C265100FCE715 /* NSString+Helpers.m */,
				7FC4B9281814FEE700926281 /* UILabel+Adjust.h */,
				7FC4B9291814FEE700926281 /* UILabel+Adjust.m */,
				7FBDB6DB183D8FBB009AC1DC /* UIFont+PreferedFontSize.h */,
				7FBDB6DC183D8FBB009AC1DC /* UIFont+PreferedFontSize.m */,
				7FBDB6DE183D947C009AC1DC /* UIActionSheet+Blocks.h */,
				7FBDB6DF183D947C009AC1DC /* UIActionSheet+Blocks.m */,
				7FBDB6E6183E6D8C009AC1DC /* OnePixelView.h */,
				7FBDB6E7183E6D8C009AC1DC /* OnePixelView.m */,
				7F3E33D91842AF4E00B977E9 /* FXBlurView.h */,
				7F3E33DA1842AF4E00B977E9 /* FXBlurView.m */,
			);
			path = Common;
			sourceTree = "<group>";
		};
		7F4EA6CF1805C83200C1958D /* Parsers */ = {
			isa = PBXGroup;
			children = (
				7F4EA6D01805C83200C1958D /* OUParser.h */,
				7F4EA6D11805C83200C1958D /* OUParser.m */,
			);
			path = Parsers;
			sourceTree = "<group>";
		};
		7F9F67C618055D9700A9E9D1 = {
			isa = PBXGroup;
			children = (
				7F9F67D818055D9700A9E9D1 /* ITMOSchedule */,
				7F9F67D118055D9700A9E9D1 /* Frameworks */,
				7F9F67D018055D9700A9E9D1 /* Products */,
			);
			sourceTree = "<group>";
		};
		7F9F67D018055D9700A9E9D1 /* Products */ = {
			isa = PBXGroup;
			children = (
				7F9F67CF18055D9700A9E9D1 /* ITMOSchedule.app */,
			);
			name = Products;
			sourceTree = "<group>";
		};
		7F9F67D118055D9700A9E9D1 /* Frameworks */ = {
			isa = PBXGroup;
			children = (
				7FA9F5FF180B105E0067A3FF /* MobileCoreServices.framework */,
				7FA9F5FD180B10580067A3FF /* SystemConfiguration.framework */,
				7F2B462E1805CE9E00B48239 /* libxml2.dylib */,
				7F2B462C1805CE9000B48239 /* libz.dylib */,
				7F2B46281805CE7600B48239 /* RaptureXML */,
				841F2123180569510054C523 /* AFNetworking */,
				7F9F67D218055D9700A9E9D1 /* Foundation.framework */,
				7F9F67D418055D9700A9E9D1 /* CoreGraphics.framework */,
				7F9F67D618055D9700A9E9D1 /* UIKit.framework */,
			);
			name = Frameworks;
			sourceTree = "<group>";
		};
		7F9F67D818055D9700A9E9D1 /* ITMOSchedule */ = {
			isa = PBXGroup;
			children = (
				841F2036180563E00054C523 /* Sources */,
				7F9F67E418055D9700A9E9D1 /* Images.xcassets */,
				7F9F67D918055D9700A9E9D1 /* Supporting Files */,
			);
			path = ITMOSchedule;
			sourceTree = "<group>";
		};
		7F9F67D918055D9700A9E9D1 /* Supporting Files */ = {
			isa = PBXGroup;
			children = (
				841F2037180563E00054C523 /* main.m */,
				7F9F67DA18055D9700A9E9D1 /* ITMOSchedule-Info.plist */,
				7F9F67DB18055D9700A9E9D1 /* InfoPlist.strings */,
				7F9F67E018055D9700A9E9D1 /* ITMOSchedule-Prefix.pch */,
			);
			name = "Supporting Files";
			sourceTree = "<group>";
		};
		841F2036180563E00054C523 /* Sources */ = {
			isa = PBXGroup;
			children = (
				7F2B46301805D2FF00B48239 /* Common */,
				841F203E1805641E0054C523 /* View Controllers */,
				841F203F1805641E0054C523 /* Views */,
				841F2038180563E00054C523 /* Model */,
				841F203D1805641E0054C523 /* Network */,
				841F2039180563E00054C523 /* OUAppDelegate.h */,
				841F203A180563E00054C523 /* OUAppDelegate.m */,
			);
			path = Sources;
			sourceTree = "<group>";
		};
		841F2038180563E00054C523 /* Model */ = {
			isa = PBXGroup;
			children = (
				7F4EA6D31805C8EB00C1958D /* OUScheduleCoordinator.h */,
				7F4EA6D41805C8EB00C1958D /* OUScheduleCoordinator.m */,
				841F21D718057A4A0054C523 /* OUGroup.h */,
				841F21D818057A4A0054C523 /* OUGroup.m */,
				841F21DA18057A6F0054C523 /* OUTeacher.h */,
				841F21DB18057A6F0054C523 /* OUTeacher.m */,
				841F21DD18057A8B0054C523 /* OUAuditory.h */,
				841F21DE18057A8B0054C523 /* OUAuditory.m */,
				7FE3D92A1805F79300D3D3C3 /* OULesson.h */,
				7FE3D92B1805F79300D3D3C3 /* OULesson.m */,
			);
			path = Model;
			sourceTree = "<group>";
		};
		841F203D1805641E0054C523 /* Network */ = {
			isa = PBXGroup;
			children = (
				7F4EA6CF1805C83200C1958D /* Parsers */,
				841F21CB180573490054C523 /* OUScheduleDownloader.h */,
				841F21CC180573490054C523 /* OUScheduleDownloader.m */,
			);
			path = Network;
			sourceTree = "<group>";
		};
		841F203E1805641E0054C523 /* View Controllers */ = {
			isa = PBXGroup;
			children = (
				7F4EA6CA1805C7FF00C1958D /* OUMainViewController.h */,
				7F4EA6CB1805C7FF00C1958D /* OUMainViewController.m */,
				7F4EA6CC1805C7FF00C1958D /* OUMainViewController.xib */,
				7FA9F654180B3A3D0067A3FF /* OUScheduleViewController.h */,
				7FA9F655180B3A3D0067A3FF /* OUScheduleViewController.m */,
				7FA9F656180B3A3D0067A3FF /* OUScheduleViewController.xib */,
			);
			path = "View Controllers";
			sourceTree = "<group>";
		};
		841F203F1805641E0054C523 /* Views */ = {
			isa = PBXGroup;
			children = (
				7FA9F601180B23580067A3FF /* OUSearchCell.h */,
				7FA9F602180B23580067A3FF /* OUSearchCell.m */,
				7FA9F604180B236B0067A3FF /* OUSearchCell.xib */,
				7FC509D9180C1BAF00FCE715 /* OULessonCell.h */,
				7FC509DA180C1BAF00FCE715 /* OULessonCell.m */,
				7FA9F659180BDBF40067A3FF /* OUGroupCell.h */,
				7FA9F65A180BDBF40067A3FF /* OUGroupCell.m */,
				7FA9F65C180BDBFD0067A3FF /* OUGroupCell.xib */,
				7FA9F65E180BE3840067A3FF /* OUTeacherCell.h */,
				7FA9F65F180BE3840067A3FF /* OUTeacherCell.m */,
				7FA9F661180BE3900067A3FF /* OUTeacherCell.xib */,
				7FA9F663180BE39E0067A3FF /* OUAuditoryCell.h */,
				7FA9F664180BE39E0067A3FF /* OUAuditoryCell.m */,
				7FA9F666180BE3BA0067A3FF /* OUAuditoryCell.xib */,
				7FBDB6E1183E68FB009AC1DC /* OUTopView.h */,
				7FBDB6E2183E68FB009AC1DC /* OUTopView.m */,
				7FBDB6E4183E6906009AC1DC /* OUTopView.xib */,
			);
			path = Views;
			sourceTree = "<group>";
		};
		841F2123180569510054C523 /* AFNetworking */ = {
			isa = PBXGroup;
			children = (
				841F2127180569510054C523 /* AFHTTPClient.h */,
				841F2128180569510054C523 /* AFHTTPClient.m */,
				841F2129180569510054C523 /* AFHTTPRequestOperation.h */,
				841F212A180569510054C523 /* AFHTTPRequestOperation.m */,
				841F212B180569510054C523 /* AFImageRequestOperation.h */,
				841F212C180569510054C523 /* AFImageRequestOperation.m */,
				841F212D180569510054C523 /* AFJSONRequestOperation.h */,
				841F212E180569510054C523 /* AFJSONRequestOperation.m */,
				841F212F180569510054C523 /* AFNetworkActivityIndicatorManager.h */,
				841F2130180569510054C523 /* AFNetworkActivityIndicatorManager.m */,
				841F2131180569510054C523 /* AFNetworking.h */,
				841F2132180569510054C523 /* AFPropertyListRequestOperation.h */,
				841F2133180569510054C523 /* AFPropertyListRequestOperation.m */,
				841F2134180569510054C523 /* AFURLConnectionOperation.h */,
				841F2135180569510054C523 /* AFURLConnectionOperation.m */,
				841F2136180569510054C523 /* AFXMLRequestOperation.h */,
				841F2137180569510054C523 /* AFXMLRequestOperation.m */,
				841F2138180569510054C523 /* UIImageView+AFNetworking.h */,
				841F2139180569510054C523 /* UIImageView+AFNetworking.m */,
			);
			name = AFNetworking;
			path = ITMOSchedule/Vendor/AFNetworking;
			sourceTree = "<group>";
		};
/* End PBXGroup section */

/* Begin PBXNativeTarget section */
		7F9F67CE18055D9700A9E9D1 /* ITMOSchedule */ = {
			isa = PBXNativeTarget;
			buildConfigurationList = 7F9F67FB18055D9700A9E9D1 /* Build configuration list for PBXNativeTarget "ITMOSchedule" */;
			buildPhases = (
				7F9F67CB18055D9700A9E9D1 /* Sources */,
				7F9F67CC18055D9700A9E9D1 /* Frameworks */,
				7F9F67CD18055D9700A9E9D1 /* Resources */,
			);
			buildRules = (
			);
			dependencies = (
			);
			name = ITMOSchedule;
			productName = ITMOSchedule;
			productReference = 7F9F67CF18055D9700A9E9D1 /* ITMOSchedule.app */;
			productType = "com.apple.product-type.application";
		};
/* End PBXNativeTarget section */

/* Begin PBXProject section */
		7F9F67C718055D9700A9E9D1 /* Project object */ = {
			isa = PBXProject;
			attributes = {
				CLASSPREFIX = OU;
				LastUpgradeCheck = 0500;
				ORGANIZATIONNAME = "Ruslan Kavetsky";
				TargetAttributes = {
					7F9F67CE18055D9700A9E9D1 = {
						DevelopmentTeam = AJWHJQ83UF;
					};
				};
			};
			buildConfigurationList = 7F9F67CA18055D9700A9E9D1 /* Build configuration list for PBXProject "ITMOSchedule" */;
			compatibilityVersion = "Xcode 3.2";
			developmentRegion = English;
			hasScannedForEncodings = 0;
			knownRegions = (
				en,
			);
			mainGroup = 7F9F67C618055D9700A9E9D1;
			productRefGroup = 7F9F67D018055D9700A9E9D1 /* Products */;
			projectDirPath = "";
			projectRoot = "";
			targets = (
				7F9F67CE18055D9700A9E9D1 /* ITMOSchedule */,
			);
		};
/* End PBXProject section */

/* Begin PBXResourcesBuildPhase section */
		7F9F67CD18055D9700A9E9D1 /* Resources */ = {
			isa = PBXResourcesBuildPhase;
			buildActionMask = 2147483647;
			files = (
				7FA9F667180BE3BA0067A3FF /* OUAuditoryCell.xib in Resources */,
				7F4EA6CE1805C7FF00C1958D /* OUMainViewController.xib in Resources */,
				7F9F67DD18055D9700A9E9D1 /* InfoPlist.strings in Resources */,
				7F9F67E518055D9700A9E9D1 /* Images.xcassets in Resources */,
				7FBDB6E5183E6906009AC1DC /* OUTopView.xib in Resources */,
				7FA9F662180BE3900067A3FF /* OUTeacherCell.xib in Resources */,
				7FA9F65D180BDBFD0067A3FF /* OUGroupCell.xib in Resources */,
				7FA9F658180B3A3D0067A3FF /* OUScheduleViewController.xib in Resources */,
				7FA9F605180B236B0067A3FF /* OUSearchCell.xib in Resources */,
			);
			runOnlyForDeploymentPostprocessing = 0;
		};
/* End PBXResourcesBuildPhase section */

/* Begin PBXSourcesBuildPhase section */
		7F9F67CB18055D9700A9E9D1 /* Sources */ = {
			isa = PBXSourcesBuildPhase;
			buildActionMask = 2147483647;
			files = (
				7FBDB6DD183D8FBB009AC1DC /* UIFont+PreferedFontSize.m in Sources */,
				841F218A180569520054C523 /* AFHTTPRequestOperation.m in Sources */,
				841F218B180569520054C523 /* AFImageRequestOperation.m in Sources */,
				7FE3D92C1805F79300D3D3C3 /* OULesson.m in Sources */,
				7FBDB6E8183E6D8C009AC1DC /* OnePixelView.m in Sources */,
				7FA9F653180B31DA0067A3FF /* UIView+Helpers.m in Sources */,
				7FA9F60D180B23CF0067A3FF /* UITableViewCell+Helpers.m in Sources */,
				7F2B46331805D33D00B48239 /* NSArray+Helpers.m in Sources */,
				841F218E180569520054C523 /* AFPropertyListRequestOperation.m in Sources */,
				841F21D918057A4A0054C523 /* OUGroup.m in Sources */,
				841F218C180569520054C523 /* AFJSONRequestOperation.m in Sources */,
				841F218F180569520054C523 /* AFURLConnectionOperation.m in Sources */,
				7F4EA6D51805C8EB00C1958D /* OUScheduleCoordinator.m in Sources */,
				841F203B180563E00054C523 /* main.m in Sources */,
				7F4EA6D21805C83200C1958D /* OUParser.m in Sources */,
				841F2190180569520054C523 /* AFXMLRequestOperation.m in Sources */,
				7FA9F660180BE3840067A3FF /* OUTeacherCell.m in Sources */,
				7FC4B92A1814FEE700926281 /* UILabel+Adjust.m in Sources */,
				7FC509DB180C1BAF00FCE715 /* OULessonCell.m in Sources */,
				841F21CD180573490054C523 /* OUScheduleDownloader.m in Sources */,
				7F3E33DB1842AF4E00B977E9 /* FXBlurView.m in Sources */,
				7FBDB6E0183D947C009AC1DC /* UIActionSheet+Blocks.m in Sources */,
				7FA9F657180B3A3D0067A3FF /* OUScheduleViewController.m in Sources */,
				7FA9F603180B23580067A3FF /* OUSearchCell.m in Sources */,
				7FA9F65B180BDBF40067A3FF /* OUGroupCell.m in Sources */,
				7F4EA6CD1805C7FF00C1958D /* OUMainViewController.m in Sources */,
				841F21DC18057A6F0054C523 /* OUTeacher.m in Sources */,
				841F203C180563E00054C523 /* OUAppDelegate.m in Sources */,
				841F218D180569520054C523 /* AFNetworkActivityIndicatorManager.m in Sources */,
				7F2B462B1805CE7600B48239 /* RXMLElement.m in Sources */,
				841F2191180569520054C523 /* UIImageView+AFNetworking.m in Sources */,
				7FC509DE180C265100FCE715 /* NSString+Helpers.m in Sources */,
				7FBDB6E3183E68FB009AC1DC /* OUTopView.m in Sources */,
				841F2189180569520054C523 /* AFHTTPClient.m in Sources */,
				7FA9F665180BE39E0067A3FF /* OUAuditoryCell.m in Sources */,
				7FA9F60C180B23CF0067A3FF /* NSObject+NIB.m in Sources */,
				841F21DF18057A8B0054C523 /* OUAuditory.m in Sources */,
			);
			runOnlyForDeploymentPostprocessing = 0;
		};
/* End PBXSourcesBuildPhase section */

/* Begin PBXVariantGroup section */
		7F9F67DB18055D9700A9E9D1 /* InfoPlist.strings */ = {
			isa = PBXVariantGroup;
			children = (
				7F9F67DC18055D9700A9E9D1 /* en */,
			);
			name = InfoPlist.strings;
			sourceTree = "<group>";
		};
/* End PBXVariantGroup section */

/* Begin XCBuildConfiguration section */
		7F9F67F918055D9700A9E9D1 /* Debug */ = {
			isa = XCBuildConfiguration;
			buildSettings = {
				ALWAYS_SEARCH_USER_PATHS = NO;
				ARCHS = "$(ARCHS_STANDARD_INCLUDING_64_BIT)";
				CLANG_CXX_LANGUAGE_STANDARD = "gnu++0x";
				CLANG_CXX_LIBRARY = "libc++";
				CLANG_ENABLE_MODULES = YES;
				CLANG_ENABLE_OBJC_ARC = YES;
				CLANG_WARN_BOOL_CONVERSION = YES;
				CLANG_WARN_CONSTANT_CONVERSION = YES;
				CLANG_WARN_DIRECT_OBJC_ISA_USAGE = YES_ERROR;
				CLANG_WARN_EMPTY_BODY = YES;
				CLANG_WARN_ENUM_CONVERSION = YES;
				CLANG_WARN_INT_CONVERSION = YES;
				CLANG_WARN_OBJC_ROOT_CLASS = YES_ERROR;
				CLANG_WARN__DUPLICATE_METHOD_MATCH = YES;
				"CODE_SIGN_IDENTITY[sdk=iphoneos*]" = "iPhone Developer";
				COPY_PHASE_STRIP = NO;
				GCC_C_LANGUAGE_STANDARD = gnu99;
				GCC_DYNAMIC_NO_PIC = NO;
				GCC_OPTIMIZATION_LEVEL = 0;
				GCC_PREPROCESSOR_DEFINITIONS = (
					"DEBUG=1",
					"$(inherited)",
				);
				GCC_SYMBOLS_PRIVATE_EXTERN = NO;
				GCC_WARN_64_TO_32_BIT_CONVERSION = YES;
				GCC_WARN_ABOUT_RETURN_TYPE = YES_ERROR;
				GCC_WARN_UNDECLARED_SELECTOR = YES;
				GCC_WARN_UNINITIALIZED_AUTOS = YES;
				GCC_WARN_UNUSED_FUNCTION = YES;
				GCC_WARN_UNUSED_VARIABLE = YES;
				IPHONEOS_DEPLOYMENT_TARGET = 7.0;
				ONLY_ACTIVE_ARCH = YES;
				SDKROOT = iphoneos;
			};
			name = Debug;
		};
		7F9F67FA18055D9700A9E9D1 /* Release */ = {
			isa = XCBuildConfiguration;
			buildSettings = {
				ALWAYS_SEARCH_USER_PATHS = NO;
				ARCHS = "$(ARCHS_STANDARD_INCLUDING_64_BIT)";
				CLANG_CXX_LANGUAGE_STANDARD = "gnu++0x";
				CLANG_CXX_LIBRARY = "libc++";
				CLANG_ENABLE_MODULES = YES;
				CLANG_ENABLE_OBJC_ARC = YES;
				CLANG_WARN_BOOL_CONVERSION = YES;
				CLANG_WARN_CONSTANT_CONVERSION = YES;
				CLANG_WARN_DIRECT_OBJC_ISA_USAGE = YES_ERROR;
				CLANG_WARN_EMPTY_BODY = YES;
				CLANG_WARN_ENUM_CONVERSION = YES;
				CLANG_WARN_INT_CONVERSION = YES;
				CLANG_WARN_OBJC_ROOT_CLASS = YES_ERROR;
				CLANG_WARN__DUPLICATE_METHOD_MATCH = YES;
				"CODE_SIGN_IDENTITY[sdk=iphoneos*]" = "iPhone Developer";
				COPY_PHASE_STRIP = YES;
				ENABLE_NS_ASSERTIONS = NO;
				GCC_C_LANGUAGE_STANDARD = gnu99;
				GCC_WARN_64_TO_32_BIT_CONVERSION = YES;
				GCC_WARN_ABOUT_RETURN_TYPE = YES_ERROR;
				GCC_WARN_UNDECLARED_SELECTOR = YES;
				GCC_WARN_UNINITIALIZED_AUTOS = YES;
				GCC_WARN_UNUSED_FUNCTION = YES;
				GCC_WARN_UNUSED_VARIABLE = YES;
				IPHONEOS_DEPLOYMENT_TARGET = 7.0;
				SDKROOT = iphoneos;
				VALIDATE_PRODUCT = YES;
			};
			name = Release;
		};
		7F9F67FC18055D9700A9E9D1 /* Debug */ = {
			isa = XCBuildConfiguration;
			buildSettings = {
				ASSETCATALOG_COMPILER_APPICON_NAME = AppIcon;
				ASSETCATALOG_COMPILER_LAUNCHIMAGE_NAME = LaunchImage;
				CODE_SIGN_IDENTITY = "iPhone Developer";
				"CODE_SIGN_IDENTITY[sdk=iphoneos*]" = "iPhone Developer";
				GCC_PRECOMPILE_PREFIX_HEADER = YES;
				GCC_PREFIX_HEADER = "ITMOSchedule/ITMOSchedule-Prefix.pch";
				HEADER_SEARCH_PATHS = (
					"$(inherited)",
					"/Applications/Xcode\\ 5.app/Contents/Developer/Toolchains/XcodeDefault.xctoolchain/usr/include",
					"\"$(SDK_DIR)\"/usr/include/libxml2",
				);
				INFOPLIST_FILE = "ITMOSchedule/ITMOSchedule-Info.plist";
				IPHONEOS_DEPLOYMENT_TARGET = 7.0;
				PRODUCT_NAME = "$(TARGET_NAME)";
				PROVISIONING_PROFILE = "";
				WRAPPER_EXTENSION = app;
			};
			name = Debug;
		};
		7F9F67FD18055D9700A9E9D1 /* Release */ = {
			isa = XCBuildConfiguration;
			buildSettings = {
				ASSETCATALOG_COMPILER_APPICON_NAME = AppIcon;
				ASSETCATALOG_COMPILER_LAUNCHIMAGE_NAME = LaunchImage;
				CODE_SIGN_IDENTITY = "iPhone Developer";
				"CODE_SIGN_IDENTITY[sdk=iphoneos*]" = "iPhone Developer";
				GCC_PRECOMPILE_PREFIX_HEADER = YES;
				GCC_PREFIX_HEADER = "ITMOSchedule/ITMOSchedule-Prefix.pch";
				HEADER_SEARCH_PATHS = (
					"$(inherited)",
					"/Applications/Xcode\\ 5.app/Contents/Developer/Toolchains/XcodeDefault.xctoolchain/usr/include",
					"\"$(SDK_DIR)\"/usr/include/libxml2",
				);
				INFOPLIST_FILE = "ITMOSchedule/ITMOSchedule-Info.plist";
				IPHONEOS_DEPLOYMENT_TARGET = 7.0;
				PRODUCT_NAME = "$(TARGET_NAME)";
				PROVISIONING_PROFILE = "";
				WRAPPER_EXTENSION = app;
			};
			name = Release;
		};
/* End XCBuildConfiguration section */

/* Begin XCConfigurationList section */
		7F9F67CA18055D9700A9E9D1 /* Build configuration list for PBXProject "ITMOSchedule" */ = {
			isa = XCConfigurationList;
			buildConfigurations = (
				7F9F67F918055D9700A9E9D1 /* Debug */,
				7F9F67FA18055D9700A9E9D1 /* Release */,
			);
			defaultConfigurationIsVisible = 0;
			defaultConfigurationName = Release;
		};
		7F9F67FB18055D9700A9E9D1 /* Build configuration list for PBXNativeTarget "ITMOSchedule" */ = {
			isa = XCConfigurationList;
			buildConfigurations = (
				7F9F67FC18055D9700A9E9D1 /* Debug */,
				7F9F67FD18055D9700A9E9D1 /* Release */,
			);
			defaultConfigurationIsVisible = 0;
			defaultConfigurationName = Release;
		};
/* End XCConfigurationList section */
	};
	rootObject = 7F9F67C718055D9700A9E9D1 /* Project object */;
}
